
Microsoft Visual Studio Solution File, Format Version 12.00
# Visual Studio 15
Project("{FAE04EC0-301F-11D3-BF4B-00C04F79EFBC}") = "AdapterPattern", "AdapterPattern\AdapterPattern.csproj", "{C390DF80-01AA-41B2-A602-9F572F8A210D}"
EndProject
Global
	GlobalSection(SolutionConfigurationPlatforms) = preSolution
		Debug|Any CPU = Debug|Any CPU
		Release|Any CPU = Release|Any CPU
	EndGlobalSection
	GlobalSection(ProjectConfigurationPlatforms) = postSolution
		{C390DF80-01AA-41B2-A602-9F572F8A210D}.Debug|Any CPU.ActiveCfg = Debug|Any CPU
		{C390DF80-01AA-41B2-A602-9F572F8A210D}.Debug|Any CPU.Build.0 = Debug|Any CPU
		{C390DF80-01AA-41B2-A602-9F572F8A210D}.Release|Any CPU.ActiveCfg = Release|Any CPU
		{C390DF80-01AA-41B2-A602-9F572F8A210D}.Release|Any CPU.Build.0 = Release|Any CPU
	EndGlobalSection
EndGlobal
